
Microsoft Visual Studio Solution File, Format Version 12.00
# Visual Studio Version 16
VisualStudioVersion = 16.0.36324.18
MinimumVisualStudioVersion = 10.0.40219.1
Project("{FAE04EC0-301F-11D3-BF4B-00C04F79EFBC}") = "information_technology_endterm_project", "information_technology_endterm_project\information_technology_endterm_project.csproj", "{74EEAA29-A72B-483C-AB88-F8995FD2C6DC}"
EndProject
Global
	GlobalSection(SolutionConfigurationPlatforms) = preSolution
		Debug|Any CPU = Debug|Any CPU
		Release|Any CPU = Release|Any CPU
	EndGlobalSection
	GlobalSection(ProjectConfigurationPlatforms) = postSolution
		{74EEAA29-A72B-483C-AB88-F8995FD2C6DC}.Debug|Any CPU.ActiveCfg = Debug|Any CPU
		{74EEAA29-A72B-483C-AB88-F8995FD2C6DC}.Debug|Any CPU.Build.0 = Debug|Any CPU
		{74EEAA29-A72B-483C-AB88-F8995FD2C6DC}.Release|Any CPU.ActiveCfg = Release|Any CPU
		{74EEAA29-A72B-483C-AB88-F8995FD2C6DC}.Release|Any CPU.Build.0 = Release|Any CPU
	EndGlobalSection
	GlobalSection(SolutionProperties) = preSolution
		HideSolutionNode = FALSE
	EndGlobalSection
	GlobalSection(ExtensibilityGlobals) = postSolution
		SolutionGuid = {DAED5876-743A-411B-A612-3BEB818846A0}
	EndGlobalSection
EndGlobal
